
Microsoft Visual Studio Solution File, Format Version 12.00
# Visual Studio Version 16
VisualStudioVersion = 16.0.31410.357
MinimumVisualStudioVersion = 10.0.40219.1
Project("{FAE04EC0-301F-11D3-BF4B-00C04F79EFBC}") = "addressbook_tests_white", "addressbook_tests_white\addressbook_tests_white.csproj", "{F6076F83-CFEA-4EBA-9BC7-998B16AC5E37}"
EndProject
Global
	GlobalSection(SolutionConfigurationPlatforms) = preSolution
		Debug|Any CPU = Debug|Any CPU
		Release|Any CPU = Release|Any CPU
	EndGlobalSection
	GlobalSection(ProjectConfigurationPlatforms) = postSolution
		{F6076F83-CFEA-4EBA-9BC7-998B16AC5E37}.Debug|Any CPU.ActiveCfg = Debug|Any CPU
		{F6076F83-CFEA-4EBA-9BC7-998B16AC5E37}.Debug|Any CPU.Build.0 = Debug|Any CPU
		{F6076F83-CFEA-4EBA-9BC7-998B16AC5E37}.Release|Any CPU.ActiveCfg = Release|Any CPU
		{F6076F83-CFEA-4EBA-9BC7-998B16AC5E37}.Release|Any CPU.Build.0 = Release|Any CPU
	EndGlobalSection
	GlobalSection(SolutionProperties) = preSolution
		HideSolutionNode = FALSE
	EndGlobalSection
	GlobalSection(ExtensibilityGlobals) = postSolution
		SolutionGuid = {6A014E20-52E6-43FA-A0F1-C442A14B3416}
	EndGlobalSection
EndGlobal
